
Microsoft Visual Studio Solution File, Format Version 12.00
# Visual Studio 15
VisualStudioVersion = 15.0.28307.271
MinimumVisualStudioVersion = 10.0.40219.1
Project("{FAE04EC0-301F-11D3-BF4B-00C04F79EFBC}") = "MvcOneMore", "MvcOneMore\MvcOneMore.csproj", "{7DAE06A9-646A-468E-9E39-736FAB3DD2B3}"
EndProject
Global
	GlobalSection(SolutionConfigurationPlatforms) = preSolution
		Debug|Any CPU = Debug|Any CPU
		Release|Any CPU = Release|Any CPU
	EndGlobalSection
	GlobalSection(ProjectConfigurationPlatforms) = postSolution
		{7DAE06A9-646A-468E-9E39-736FAB3DD2B3}.Debug|Any CPU.ActiveCfg = Debug|Any CPU
		{7DAE06A9-646A-468E-9E39-736FAB3DD2B3}.Debug|Any CPU.Build.0 = Debug|Any CPU
		{7DAE06A9-646A-468E-9E39-736FAB3DD2B3}.Release|Any CPU.ActiveCfg = Release|Any CPU
		{7DAE06A9-646A-468E-9E39-736FAB3DD2B3}.Release|Any CPU.Build.0 = Release|Any CPU
	EndGlobalSection
	GlobalSection(SolutionProperties) = preSolution
		HideSolutionNode = FALSE
	EndGlobalSection
	GlobalSection(ExtensibilityGlobals) = postSolution
		SolutionGuid = {344D2CCA-0337-42E3-9938-225512FE281C}
	EndGlobalSection
EndGlobal
